{
  "name": "s3_mailer",
  "version": "1.0.0",
  "lockfileVersion": 1,
  "requires": true,
  "dependencies": {
    "moment": {
      "version": "2.29.2",
      "resolved": "https://registry.npmjs.org/moment/-/moment-2.29.2.tgz",
      "integrity": "sha512-UgzG4rvxYpN15jgCmVJwac49h9ly9NurikMWGPdVxm8GZD6XjkKPxDTjQQ43gtGgnV3X0cAyWDdP2Wexoquifg=="
    },
    "moment-timezone": {
      "version": "0.5.27",
      "resolved": "https://registry.npmjs.org/moment-timezone/-/moment-timezone-0.5.27.tgz",
      "integrity": "sha512-EIKQs7h5sAsjhPCqN6ggx6cEbs94GK050254TIJySD1bzoM5JTYDwAU1IoVOeTOL6Gm27kYJ51/uuvq1kIlrbw==",
      "requires": {
        "moment": ">= 2.9.0"
      }
    },
    "node-mailer": {
      "version": "0.1.1",
      "resolved": "https://registry.npmjs.org/node-mailer/-/node-mailer-0.1.1.tgz",
      "integrity": "sha1-YJ4UqbLDRCJUCzpmk4Fj0dJCFQA=",
      "requires": {
        "nodemailer": ">= 0.1.15"
      }
    },
    "nodemailer": {
      "version": "6.4.2",
      "resolved": "https://registry.npmjs.org/nodemailer/-/nodemailer-6.4.2.tgz",
      "integrity": "sha512-g0n4nH1ONGvqYo1v72uSWvF/MRNnnq1LzmSzXb/6EPF3LFb51akOhgG3K2+aETAsJx90/Q5eFNTntu4vBCwyQQ=="
    }
  }
}
